{
  "name": "test",
  "lockfileVersion": 3,
  "requires": true,
  "packages": {
    "": {
      "dependencies": {
        "exupery-core-bin": "^0.3.10",
        "exupery-core-dev": "^0.3.1",
        "pareto-standard-operations": "^0.3.5",
        "pub": "file:../pub"
      }
    },
    "../pub": {
      "name": "pareto-standard-operations",
      "version": "0.3.5",
      "dependencies": {
        "exupery-core-alg": "^0.5.4"
      }
    },
    "node_modules/exupery-core-alg": {
      "version": "0.5.6",
      "resolved": "https://registry.npmjs.org/exupery-core-alg/-/exupery-core-alg-0.5.6.tgz",
      "integrity": "sha512-L4NjA20uyx8XpWOVb+QhWwGKgkV6VFkzPi3a5YGK+h7DMZLeN4FTrfKq+Ei3fnPfo2h7wkm8PJ95bMk/8doHgA==",
      "license": "ISC",
      "dependencies": {
        "exupery-core-internals": "^0.3.0"
      }
    },
    "node_modules/exupery-core-async": {
      "version": "0.3.5",
      "resolved": "https://registry.npmjs.org/exupery-core-async/-/exupery-core-async-0.3.5.tgz",
      "integrity": "sha512-5zIK2isgYUgLZkHiDOuwQUbu23LsInbLyge8KdisKEHA9HQ2JVq+qdyVHTFVoTfFr5NG7ofHDAznRPt2lRChmQ==",
      "license": "Apache-2.0",
      "dependencies": {
        "exupery-core-internals": "^0.3.0"
      }
    },
    "node_modules/exupery-core-bin": {
      "version": "0.3.10",
      "resolved": "https://registry.npmjs.org/exupery-core-bin/-/exupery-core-bin-0.3.10.tgz",
      "integrity": "sha512-NUz5CdjbWZ2hsxdEod+JnzlcBwMwkI2RCneQzjYBkjMofb1YN1+8t2w9GlJBdmHWjmLT0JFZbbv3LBDNP9twZA==",
      "license": "ISC",
      "dependencies": {
        "exupery-core-async": "^0.3.5",
        "exupery-core-internals": "^0.3.0",
        "exupery-resources": "^0.3.5"
      }
    },
    "node_modules/exupery-core-dev": {
      "version": "0.3.1",
      "resolved": "https://registry.npmjs.org/exupery-core-dev/-/exupery-core-dev-0.3.1.tgz",
      "integrity": "sha512-5ZYKHXeXX7UsOyK19GXAjZkKFL3EB9afy/QZzHqqsjwSg11EmlLcNGX/5Xcdy69xcZ8NR/nTW6jVfkh0p9F7uw==",
      "license": "ISC",
      "dependencies": {
        "exupery-core-internals": "^0.3.0"
      }
    },
    "node_modules/exupery-core-internals": {
      "version": "0.3.0",
      "resolved": "https://registry.npmjs.org/exupery-core-internals/-/exupery-core-internals-0.3.0.tgz",
      "integrity": "sha512-W+b8JPCF7KeiOn6VqCNLuJoHH454Y2xH4mHWHFRP48LGwFT5W8/M7k0k8lTEAgCYidCW2EWYd6XouYqQzd7KJA==",
      "license": "ISC",
      "dependencies": {
        "exupery-core-types": "^0.3.0"
      }
    },
    "node_modules/exupery-core-types": {
      "version": "0.3.0",
      "resolved": "https://registry.npmjs.org/exupery-core-types/-/exupery-core-types-0.3.0.tgz",
      "integrity": "sha512-NxsC4CZ5K8XrJFRutjegbAV150nrL8Ov2QbrcnPT2hRCGW4tJV1jHAsMhrfBSgdtUVIREfYhgB2WaaVepGqMYQ==",
      "license": "Apache-2.0"
    },
    "node_modules/exupery-resources": {
      "version": "0.3.5",
      "resolved": "https://registry.npmjs.org/exupery-resources/-/exupery-resources-0.3.5.tgz",
      "integrity": "sha512-ygU09ZbRrdUEjTSqfKJ1jjImNoxjvWRTBHhD+7amA8aqtdSXmXSKdWqeN14aoKNJG24VTg2JoxWiCzYootKf0g==",
      "dependencies": {
        "exupery-core-alg": "^0.5.0",
        "exupery-core-async": "^0.3.5",
        "exupery-core-dev": "^0.3.0",
        "exupery-standard-library": "^0.3.0"
      }
    },
    "node_modules/exupery-standard-library": {
      "version": "0.3.0",
      "resolved": "https://registry.npmjs.org/exupery-standard-library/-/exupery-standard-library-0.3.0.tgz",
      "integrity": "sha512-CFnKIiUalsvJdtXvYQfCN+51uAwN9VEyqxI6NMygzNKDzLS8Za7tJ3PQPGo34F2MXXb+uKk8pkzsIMUIxz7r/g==",
      "dependencies": {
        "exupery-core-alg": "^0.5.0"
      }
    },
    "node_modules/pareto-standard-operations": {
      "version": "0.3.5",
      "resolved": "https://registry.npmjs.org/pareto-standard-operations/-/pareto-standard-operations-0.3.5.tgz",
      "integrity": "sha512-86nPFSLUJtp9+vOqIGvbjrTDTrrVGhKE5Q7IRZewUCA81dm4z+fFK6gpAWUty55m0J5WhxF+wjVyzdlO3NVJ3A==",
      "dependencies": {
        "exupery-core-alg": "^0.5.4"
      }
    },
    "node_modules/pub": {
      "resolved": "../pub",
      "link": true
    }
  }
}
