{
  "name": "pareto-standard-operations",
  "version": "0.1.2",
  "lockfileVersion": 3,
  "requires": true,
  "packages": {
    "": {
      "name": "pareto-standard-operations",
      "version": "0.1.2",
      "dependencies": {
        "exupery-core-alg": "^0.1.4"
      }
    },
    "node_modules/exupery-core-alg": {
      "version": "0.1.4",
      "resolved": "https://registry.npmjs.org/exupery-core-alg/-/exupery-core-alg-0.1.4.tgz",
      "integrity": "sha512-VPzKIUR5MoYq0Z8vT8pZLNh2kc9/P62+tqy4J2sIQEWcEHZy/uCInRThgFhsdVOn95Rm/CHwoQxwaVHghNX/1w==",
      "license": "ISC",
      "dependencies": {
        "exupery-core-internals": "^0.1.2"
      }
    },
    "node_modules/exupery-core-internals": {
      "version": "0.1.2",
      "resolved": "https://registry.npmjs.org/exupery-core-internals/-/exupery-core-internals-0.1.2.tgz",
      "integrity": "sha512-xwmtzAXsL9sixOq/3VQm9H6GKeGMvc/Bkzdvw+j8qlGZi+HBUh5vLnwX6qVdzP5p3KuQP08IgGj8SHtn5sPvZA==",
      "license": "ISC",
      "dependencies": {
        "exupery-core-types": "^0.1.0"
      }
    },
    "node_modules/exupery-core-types": {
      "version": "0.1.1",
      "resolved": "https://registry.npmjs.org/exupery-core-types/-/exupery-core-types-0.1.1.tgz",
      "integrity": "sha512-aJcZz7hkY7jOUoEb1hzAtIekL/nmeYGVmXBa4yiKMMJLpa/k/78wI9AMyHQ73pN9jgPnyrw/AG5HbCUq+Fl3rw==",
      "license": "Apache-2.0"
    }
  }
}
