{
  "name": "pareto-standard-operations",
  "version": "0.1.5",
  "lockfileVersion": 3,
  "requires": true,
  "packages": {
    "": {
      "name": "pareto-standard-operations",
      "version": "0.1.5",
      "dependencies": {
        "exupery-core-alg": "^0.1.7",
        "exupery-standard-library": "^0.1.9"
      }
    },
    "node_modules/exupery-core-alg": {
      "version": "0.1.7",
      "resolved": "https://registry.npmjs.org/exupery-core-alg/-/exupery-core-alg-0.1.7.tgz",
      "integrity": "sha512-+hBcIWtIpWP8Dh5sP5HB6/S+FP5ZYQHkSA0WE5v1uKF4qRE9ClHwnM6dJMtFVcmglhzJ4sSmWZ/jj5bcXT+Krg==",
      "license": "ISC",
      "dependencies": {
        "exupery-core-internals": "^0.1.7"
      }
    },
    "node_modules/exupery-core-dev": {
      "version": "0.1.2",
      "resolved": "https://registry.npmjs.org/exupery-core-dev/-/exupery-core-dev-0.1.2.tgz",
      "integrity": "sha512-brE0MdbXZUyacHZTrmjRkkbTemrbPNEIu/fIN96ukZ1yLv+ga13u0AA2VYh4MqogWiXUaN0blRiav88Bv3Fyig==",
      "license": "ISC",
      "dependencies": {
        "exupery-core-internals": "^0.1.7"
      }
    },
    "node_modules/exupery-core-internals": {
      "version": "0.1.7",
      "resolved": "https://registry.npmjs.org/exupery-core-internals/-/exupery-core-internals-0.1.7.tgz",
      "integrity": "sha512-oxefHVVLN+yeOaTjPAOK7BqiahEfseT/FHntw0lhclaWf9+ln77z/6GlqG+ckfai5i3AVQN1tqQerVVB7E7Y8g==",
      "license": "ISC",
      "dependencies": {
        "exupery-core-types": "^0.1.5"
      }
    },
    "node_modules/exupery-core-types": {
      "version": "0.1.5",
      "resolved": "https://registry.npmjs.org/exupery-core-types/-/exupery-core-types-0.1.5.tgz",
      "integrity": "sha512-Bl8fkfpSUCubn3AdJ4W8rDrByfZJpkp0qEGoHxE1CvC8hWBMiWeEX7A7qAQaw1zsmkpOH1qyPORZhIhNS3RfQw==",
      "license": "Apache-2.0"
    },
    "node_modules/exupery-standard-library": {
      "version": "0.1.9",
      "resolved": "https://registry.npmjs.org/exupery-standard-library/-/exupery-standard-library-0.1.9.tgz",
      "integrity": "sha512-jdLn2Q2/ghKiCvZcNlSao5hvcrgRwi7rBG+XBhXPN6bc9fjIIhRHzBe214LKFszdn7vvKGAltoQmqdpRHIiAyQ==",
      "dependencies": {
        "exupery-core-alg": "^0.1.7",
        "exupery-core-dev": "^0.1.1"
      }
    }
  }
}
