{
  "name": "pareto-standard-operations",
  "version": "0.4.2",
  "lockfileVersion": 3,
  "requires": true,
  "packages": {
    "": {
      "name": "pareto-standard-operations",
      "version": "0.4.2",
      "dependencies": {
        "pareto-core": "^0.1.22"
      }
    },
    "node_modules/pareto-core": {
      "version": "0.1.22",
      "resolved": "https://registry.npmjs.org/pareto-core/-/pareto-core-0.1.22.tgz",
      "integrity": "sha512-cH7diOrZfDWf+hQi1+x7CpvJFYhcRVmWZN78VmAD57FU1EHo7bs4sLJUz/q73aQ9LT1lcPzPTLGhpa7lH2l+Eg==",
      "license": "ISC"
    }
  }
}
