{
  "name": "pareto-standard-operations",
  "version": "0.3.17",
  "lockfileVersion": 3,
  "requires": true,
  "packages": {
    "": {
      "name": "pareto-standard-operations",
      "version": "0.3.17",
      "dependencies": {
        "exupery-core-alg": "^0.5.15"
      }
    },
    "node_modules/exupery-core-alg": {
      "version": "0.5.15",
      "resolved": "https://registry.npmjs.org/exupery-core-alg/-/exupery-core-alg-0.5.15.tgz",
      "integrity": "sha512-4k4EKtnSweIzs/zj1+olcMKObA4GzPcRz0X1zA95B4/DeglQAJnIZtOwdssJWaZweeKNUkPzOSOmmdduNF1fvg==",
      "license": "ISC",
      "dependencies": {
        "exupery-core-internals": "^0.3.17"
      }
    },
    "node_modules/exupery-core-internals": {
      "version": "0.3.18",
      "resolved": "https://registry.npmjs.org/exupery-core-internals/-/exupery-core-internals-0.3.18.tgz",
      "integrity": "sha512-Fx+tFrtfUO+yaWZDR9YCVuLBhq46dFxvtdeL3UjkmeEooVJiUGl+O6nbeQA/epUhIkA8hgKPPfT7gERXPJFdig==",
      "license": "ISC",
      "dependencies": {
        "exupery-core-types": "^0.3.58"
      }
    },
    "node_modules/exupery-core-types": {
      "version": "0.3.58",
      "resolved": "https://registry.npmjs.org/exupery-core-types/-/exupery-core-types-0.3.58.tgz",
      "integrity": "sha512-/tcbwSRTeGpbvRTEnajwyvGhiB6geQ6m8b80lekZjr9XuD2FVGmRGONsvrWl9dkAyk4cCM5zB40mZc320J+yQA==",
      "license": "Apache-2.0"
    }
  }
}
