{
  "name": "pareto-standard-operations",
  "version": "0.3.9",
  "lockfileVersion": 3,
  "requires": true,
  "packages": {
    "": {
      "name": "pareto-standard-operations",
      "version": "0.3.9",
      "dependencies": {
        "exupery-core-alg": "^0.5.11"
      }
    },
    "node_modules/exupery-core-alg": {
      "version": "0.5.11",
      "resolved": "https://registry.npmjs.org/exupery-core-alg/-/exupery-core-alg-0.5.11.tgz",
      "integrity": "sha512-NDCxzl2nIJkNJZzTW5LkYD5ae160+7Pu4ngue/mgermV5Olp3kDtNns2PmGkFlN1ND6FaEtm1Pt1BsU6ATHavw==",
      "license": "ISC",
      "dependencies": {
        "exupery-core-internals": "^0.3.10"
      }
    },
    "node_modules/exupery-core-internals": {
      "version": "0.3.10",
      "resolved": "https://registry.npmjs.org/exupery-core-internals/-/exupery-core-internals-0.3.10.tgz",
      "integrity": "sha512-SVpOM8qqk58U6oM1nsN55g1+qSdI0klKFwWBWE2yMlDZUTHiemhCCwHHRzNXOlmzsDErGQhYt3GbCiMQb+IAnQ==",
      "license": "ISC",
      "dependencies": {
        "exupery-core-types": "^0.3.41"
      }
    },
    "node_modules/exupery-core-types": {
      "version": "0.3.41",
      "resolved": "https://registry.npmjs.org/exupery-core-types/-/exupery-core-types-0.3.41.tgz",
      "integrity": "sha512-WucAFS2OJk2z+EJe6d3wZFc3LqHhBXe0dQ+PQAHuLD4cbE9dGGyQ/mJmv79YrPv5LAQP4Gu9QNzdCQzTZAgDZA==",
      "license": "Apache-2.0"
    }
  }
}
